{
  "object": {
    "pins": [
      {
        "package": "Bits",
        "repositoryURL": "https://github.com/OperatorFoundation/Bits.git",
        "state": {
          "branch": null,
          "revision": "e53451b5858a8a2d72f51d3ca22761643adf64d3",
          "version": "1.0.6"
        }
      },
      {
        "package": "Socket",
        "repositoryURL": "https://github.com/OperatorFoundation/BlueSocket",
        "state": {
          "branch": null,
          "revision": "90212ea8b66787c2d51d03527a04748ba6ee7679",
          "version": "1.1.0"
        }
      },
      {
        "package": "Chord",
        "repositoryURL": "https://github.com/OperatorFoundation/Chord",
        "state": {
          "branch": null,
          "revision": "5b1798866bb923fe279f689390aabd7105cbfa23",
          "version": "0.0.6"
        }
      },
      {
        "package": "Datable",
        "repositoryURL": "https://github.com/OperatorFoundation/Datable.git",
        "state": {
          "branch": null,
          "revision": "808ab1b2c021be3d2950ec2c2894cd48d532d592",
          "version": "3.0.3"
        }
      },
      {
        "package": "Flow",
        "repositoryURL": "https://github.com/OperatorFoundation/Flow.git",
        "state": {
          "branch": null,
          "revision": "1be59f9f055d735a214105a4a32d58d162e99b62",
          "version": "0.2.3"
        }
      },
      {
        "package": "Flower",
        "repositoryURL": "https://github.com/OperatorFoundation/Flower.git",
        "state": {
          "branch": null,
          "revision": "ead921f853c2b2c47ebc3ac3fbfa59b0c8b98967",
          "version": "0.1.1"
        }
      },
      {
        "package": "InternetProtocols",
        "repositoryURL": "https://github.com/OperatorFoundation/InternetProtocols.git",
        "state": {
          "branch": null,
          "revision": "8bd874cec7172fc441cf639108787725957e82c0",
          "version": "1.1.1"
        }
      },
      {
        "package": "Keychain",
        "repositoryURL": "https://github.com/OperatorFoundation/Keychain.git",
        "state": {
          "branch": null,
          "revision": "64c2e570f0cdb15beb879bdf1b3a9e01916f85d0",
          "version": "0.1.2"
        }
      },
      {
        "package": "KeychainLinux",
        "repositoryURL": "https://github.com/OperatorFoundation/KeychainLinux.git",
        "state": {
          "branch": null,
          "revision": "9be9dbf0a3492444a770ef22da18d0ff544713f7",
          "version": "0.1.1"
        }
      },
      {
        "package": "Monolith",
        "repositoryURL": "https://github.com/OperatorFoundation/Monolith.git",
        "state": {
          "branch": null,
          "revision": "b2724b4814a9ce89935ac7d8aebd92c88c3c0f8c",
          "version": "1.0.0"
        }
      },
      {
        "package": "ReplicantSwift",
        "repositoryURL": "https://github.com/OperatorFoundation/ReplicantSwift.git",
        "state": {
          "branch": null,
          "revision": "69b7eff3383b3df6fcac9690059bcf9d831e927c",
          "version": "0.8.3"
        }
      },
      {
        "package": "Routing",
        "repositoryURL": "https://github.com/OperatorFoundation/Routing.git",
        "state": {
          "branch": null,
          "revision": "1724c6cc8bf54eae425033baf450179e76043deb",
          "version": "0.0.4"
        }
      },
      {
        "package": "Song",
        "repositoryURL": "https://github.com/OperatorFoundation/Song.git",
        "state": {
          "branch": null,
          "revision": "11f0f95a24bd4c73df4507ba50929424488e2355",
          "version": "0.1.3"
        }
      },
      {
        "package": "swift-argument-parser",
        "repositoryURL": "https://github.com/apple/swift-argument-parser",
        "state": {
          "branch": null,
          "revision": "92646c0cdbaca076c8d3d0207891785b3379cbff",
          "version": "0.3.1"
        }
      },
      {
        "package": "swift-ast",
        "repositoryURL": "https://github.com/yanagiba/swift-ast",
        "state": {
          "branch": null,
          "revision": "e8507d78b32dbd33ea5ea975bbbc82b7613870a1",
          "version": "0.19.9"
        }
      },
      {
        "package": "swift-crypto",
        "repositoryURL": "https://github.com/apple/swift-crypto.git",
        "state": {
          "branch": null,
          "revision": "8f4bfa5bc1951440c15710e9e893721aa4b2765c",
          "version": "1.1.3"
        }
      },
      {
        "package": "swift-log",
        "repositoryURL": "https://github.com/apple/swift-log.git",
        "state": {
          "branch": null,
          "revision": "173f567a2dfec11d74588eea82cecea555bdc0bc",
          "version": "1.4.0"
        }
      },
      {
        "package": "SwiftHexTools",
        "repositoryURL": "https://github.com/OperatorFoundation/SwiftHexTools",
        "state": {
          "branch": null,
          "revision": "4ce4a4f66eea05c900d447af8c07ecaac720716c",
          "version": "1.2.2"
        }
      },
      {
        "package": "SwiftQueue",
        "repositoryURL": "https://github.com/OperatorFoundation/SwiftQueue.git",
        "state": {
          "branch": null,
          "revision": "0e5979acbb104516a427bb2bb09debc50ca100b4",
          "version": "0.0.3"
        }
      },
      {
        "package": "Transmission",
        "repositoryURL": "https://github.com/OperatorFoundation/Transmission.git",
        "state": {
          "branch": null,
          "revision": "dbe2e01ca2e72c9b4bde4d45a09e64ad5d43cf30",
          "version": "0.1.9"
        }
      },
      {
        "package": "Transport",
        "repositoryURL": "https://github.com/OperatorFoundation/Transport.git",
        "state": {
          "branch": null,
          "revision": "6cf442135c218560f317de6d17271849479d2186",
          "version": "2.3.3"
        }
      },
      {
        "package": "Tun",
        "repositoryURL": "https://github.com/OperatorFoundation/Tun.git",
        "state": {
          "branch": null,
          "revision": "c3d64380a6dbca17023d3070d582d9465e8018d0",
          "version": "0.0.8"
        }
      }
    ]
  },
  "version": 1
}
